
Microsoft Visual Studio Solution File, Format Version 12.00
# Visual Studio Version 16
VisualStudioVersion = 16.0.30413.136
MinimumVisualStudioVersion = 10.0.40219.1
Project("{FAE04EC0-301F-11D3-BF4B-00C04F79EFBC}") = "App", "App\App.csproj", "{A089111D-1811-4D33-9916-A169C24C1680}"
EndProject
Project("{FAE04EC0-301F-11D3-BF4B-00C04F79EFBC}") = "AppTests", "AppTests\AppTests.csproj", "{3D392ABE-6C8B-4BD9-9220-06890E06B68B}"
EndProject
Global
	GlobalSection(SolutionConfigurationPlatforms) = preSolution
		Debug|Any CPU = Debug|Any CPU
		Release|Any CPU = Release|Any CPU
	EndGlobalSection
	GlobalSection(ProjectConfigurationPlatforms) = postSolution
		{A089111D-1811-4D33-9916-A169C24C1680}.Debug|Any CPU.ActiveCfg = Debug|Any CPU
		{A089111D-1811-4D33-9916-A169C24C1680}.Debug|Any CPU.Build.0 = Debug|Any CPU
		{A089111D-1811-4D33-9916-A169C24C1680}.Release|Any CPU.ActiveCfg = Release|Any CPU
		{A089111D-1811-4D33-9916-A169C24C1680}.Release|Any CPU.Build.0 = Release|Any CPU
		{3D392ABE-6C8B-4BD9-9220-06890E06B68B}.Debug|Any CPU.ActiveCfg = Debug|Any CPU
		{3D392ABE-6C8B-4BD9-9220-06890E06B68B}.Debug|Any CPU.Build.0 = Debug|Any CPU
		{3D392ABE-6C8B-4BD9-9220-06890E06B68B}.Release|Any CPU.ActiveCfg = Release|Any CPU
		{3D392ABE-6C8B-4BD9-9220-06890E06B68B}.Release|Any CPU.Build.0 = Release|Any CPU
	EndGlobalSection
	GlobalSection(SolutionProperties) = preSolution
		HideSolutionNode = FALSE
	EndGlobalSection
	GlobalSection(ExtensibilityGlobals) = postSolution
		SolutionGuid = {C30FFA49-8DA4-48D7-9185-927E61C20FA9}
	EndGlobalSection
EndGlobal
